
Microsoft Visual Studio Solution File, Format Version 12.00
# Visual Studio Version 17
VisualStudioVersion = 17.2.32616.157
MinimumVisualStudioVersion = 10.0.40219.1
Project("{8BC9CEB8-8B4A-11D0-8D11-00A0C91BC942}") = "Animation", "Animation\Animation.vcxproj", "{E1DD73CF-629C-46D7-942B-F892C3988CFE}"
EndProject
Global
	GlobalSection(SolutionConfigurationPlatforms) = preSolution
		Debug|x64 = Debug|x64
		Debug|x86 = Debug|x86
		Release|x64 = Release|x64
		Release|x86 = Release|x86
	EndGlobalSection
	GlobalSection(ProjectConfigurationPlatforms) = postSolution
		{E1DD73CF-629C-46D7-942B-F892C3988CFE}.Debug|x64.ActiveCfg = Debug|x64
		{E1DD73CF-629C-46D7-942B-F892C3988CFE}.Debug|x64.Build.0 = Debug|x64
		{E1DD73CF-629C-46D7-942B-F892C3988CFE}.Debug|x86.ActiveCfg = Debug|Win32
		{E1DD73CF-629C-46D7-942B-F892C3988CFE}.Debug|x86.Build.0 = Debug|Win32
		{E1DD73CF-629C-46D7-942B-F892C3988CFE}.Release|x64.ActiveCfg = Release|x64
		{E1DD73CF-629C-46D7-942B-F892C3988CFE}.Release|x64.Build.0 = Release|x64
		{E1DD73CF-629C-46D7-942B-F892C3988CFE}.Release|x86.ActiveCfg = Release|Win32
		{E1DD73CF-629C-46D7-942B-F892C3988CFE}.Release|x86.Build.0 = Release|Win32
	EndGlobalSection
	GlobalSection(SolutionProperties) = preSolution
		HideSolutionNode = FALSE
	EndGlobalSection
	GlobalSection(ExtensibilityGlobals) = postSolution
		SolutionGuid = {E49134E7-B556-462C-9FC9-402339ED0A8C}
	EndGlobalSection
EndGlobal
