
Microsoft Visual Studio Solution File, Format Version 12.00
# Visual Studio Version 17
VisualStudioVersion = 17.3.32922.545
MinimumVisualStudioVersion = 10.0.40219.1
Project("{8BC9CEB8-8B4A-11D0-8D11-00A0C91BC942}") = "vuilib", "vuilib.vcxproj", "{632901AB-D055-4915-AB6B-7DA6B4092621}"
EndProject
Project("{2150E333-8FDC-42A3-9474-1A3956D46DE8}") = "demos", "demos", "{7FA4D1F4-0054-4B65-91B3-ED8FF20685C6}"
EndProject
Project("{8BC9CEB8-8B4A-11D0-8D11-00A0C91BC942}") = "login-ui", "demo\login-ui\login-ui.vcxproj", "{AAA8F74D-68DB-4671-B29F-20A091415340}"
EndProject
Project("{8BC9CEB8-8B4A-11D0-8D11-00A0C91BC942}") = "3DControl", "demo\3d-control\3DControl.vcxproj", "{96D505C3-3A55-4DC1-9523-F0706FBD2E84}"
EndProject
Project("{8BC9CEB8-8B4A-11D0-8D11-00A0C91BC942}") = "chat-room-client", "demo\chat-room\chat-room-client\chat-room-client.vcxproj", "{2C42058F-B178-4B38-BCA7-F9FF49E488EF}"
EndProject
Project("{8BC9CEB8-8B4A-11D0-8D11-00A0C91BC942}") = "chat-room-server", "demo\chat-room\chat-room-server\chat-room-server.vcxproj", "{02F4627F-B2C3-4B16-BBEC-46097B7283D2}"
EndProject
Project("{8BC9CEB8-8B4A-11D0-8D11-00A0C91BC942}") = "IDontKnow", "demo\IDontKnow\IDontKnow.vcxproj", "{04B3D38F-31D0-47B2-A682-BE7A12CD60C7}"
EndProject
Project("{8BC9CEB8-8B4A-11D0-8D11-00A0C91BC942}") = "multi-window-setting-demo", "demo\multi-window-setting-demo\multi-window-setting-demo.vcxproj", "{7D790B1A-F13D-40AF-AE50-9DD4C7232195}"
EndProject
Project("{8BC9CEB8-8B4A-11D0-8D11-00A0C91BC942}") = "PhotoViewerX", "demo\photoviewer\PhotoViewerX.vcxproj", "{8630C5F4-60A2-42BE-ADB1-75511FCC48FF}"
EndProject
Project("{8BC9CEB8-8B4A-11D0-8D11-00A0C91BC942}") = "quick-start-cpp-width-vwidget", "demo\quick-start-cpp-width-vwidget\quick-start-cpp-width-vwidget\quick-start-cpp-width-vwidget.vcxproj", "{FCB89B44-5A21-444D-B150-7AD53ACDB26F}"
EndProject
Project("{8BC9CEB8-8B4A-11D0-8D11-00A0C91BC942}") = "shaking-control", "demo\shaking-control\shaking-control.vcxproj", "{3844D4E5-54ED-4E49-A212-B5C9113CAF00}"
EndProject
Project("{8BC9CEB8-8B4A-11D0-8D11-00A0C91BC942}") = "ui-design", "demo\ui-design\ui-design.vcxproj", "{3470F169-5980-4432-A13B-DED7F49A837F}"
EndProject
Project("{8BC9CEB8-8B4A-11D0-8D11-00A0C91BC942}") = "UNKNOWN~!", "demo\UNKNOWN~!\UNKNOWN~!\UNKNOWN~!.vcxproj", "{0D05C53A-DDDB-41BD-8645-94817C44CBAC}"
EndProject
Project("{8BC9CEB8-8B4A-11D0-8D11-00A0C91BC942}") = "vml-editor", "demo\vml-editor\vml-editor\vml-editor.vcxproj", "{36135803-12B5-4A52-998E-5A7413325F1E}"
EndProject
Project("{8BC9CEB8-8B4A-11D0-8D11-00A0C91BC942}") = "vml-editor-plus", "demo\vml-editor-plus\vml-editor-plus\vml-editor-plus.vcxproj", "{7F90F090-F918-41AD-8B56-D11275F39840}"
EndProject
Project("{8BC9CEB8-8B4A-11D0-8D11-00A0C91BC942}") = "vml-pushbutton", "demo\vml-pushbutton\vml-pushbutton.vcxproj", "{0BB6C438-0C4A-4F18-B4CC-CD1681AFA729}"
EndProject
Project("{8BC9CEB8-8B4A-11D0-8D11-00A0C91BC942}") = "vml-viewer", "demo\vml-viewer\vml-viewer\vml-viewer.vcxproj", "{9ECCBEEC-30EC-4ACF-9226-D4DA9DA5F64B}"
EndProject
Project("{8BC9CEB8-8B4A-11D0-8D11-00A0C91BC942}") = "windows12-like-ui", "demo\windows12-like-ui\windows12-like-ui\windows12-like-ui.vcxproj", "{9F213736-D6A8-4FFF-97BE-5806A96B0109}"
EndProject
Project("{8BC9CEB8-8B4A-11D0-8D11-00A0C91BC942}") = "fluent-design-ui", "demo\fluent-design-ui\fluent-design-ui.vcxproj", "{48C1A8E3-1842-45A8-A8A7-F58C8AFA6E29}"
EndProject
Project("{8BC9CEB8-8B4A-11D0-8D11-00A0C91BC942}") = "VFormatDemo", "demo\VFormatDemo\VFormatDemo.vcxproj", "{CC783C14-5F7A-49AA-AE59-30067F667A6A}"
EndProject
Project("{8BC9CEB8-8B4A-11D0-8D11-00A0C91BC942}") = "element-ui-style", "demo\element-ui-style\element-ui-style.vcxproj", "{5D0849F5-A2BF-4803-B111-8F3D6B957832}"
EndProject
Project("{2150E333-8FDC-42A3-9474-1A3956D46DE8}") = "tool-chain", "tool-chain", "{DC1F55B9-4B7C-4ABB-AD6B-59526EAD1CBC}"
EndProject
Project("{8BC9CEB8-8B4A-11D0-8D11-00A0C91BC942}") = "git-push", "tool-chain\git-push\git-push.vcxproj", "{851A0D4F-D261-42CE-B3A4-A541759158BB}"
EndProject
Project("{8BC9CEB8-8B4A-11D0-8D11-00A0C91BC942}") = "control-console", "demo\control-console\control-console.vcxproj", "{3F470193-9C7E-43CD-8D9C-9BC5CA14A2E6}"
EndProject
Global
	GlobalSection(SolutionConfigurationPlatforms) = preSolution
		Debug|x64 = Debug|x64
		Debug|x86 = Debug|x86
		Release|x64 = Release|x64
		Release|x86 = Release|x86
	EndGlobalSection
	GlobalSection(ProjectConfigurationPlatforms) = postSolution
		{632901AB-D055-4915-AB6B-7DA6B4092621}.Debug|x64.ActiveCfg = Debug|x64
		{632901AB-D055-4915-AB6B-7DA6B4092621}.Debug|x64.Build.0 = Debug|x64
		{632901AB-D055-4915-AB6B-7DA6B4092621}.Debug|x86.ActiveCfg = Debug|Win32
		{632901AB-D055-4915-AB6B-7DA6B4092621}.Debug|x86.Build.0 = Debug|Win32
		{632901AB-D055-4915-AB6B-7DA6B4092621}.Release|x64.ActiveCfg = Release|x64
		{632901AB-D055-4915-AB6B-7DA6B4092621}.Release|x64.Build.0 = Release|x64
		{632901AB-D055-4915-AB6B-7DA6B4092621}.Release|x86.ActiveCfg = Release|Win32
		{632901AB-D055-4915-AB6B-7DA6B4092621}.Release|x86.Build.0 = Release|Win32
		{AAA8F74D-68DB-4671-B29F-20A091415340}.Debug|x64.ActiveCfg = Debug|x64
		{AAA8F74D-68DB-4671-B29F-20A091415340}.Debug|x64.Build.0 = Debug|x64
		{AAA8F74D-68DB-4671-B29F-20A091415340}.Debug|x86.ActiveCfg = Debug|Win32
		{AAA8F74D-68DB-4671-B29F-20A091415340}.Debug|x86.Build.0 = Debug|Win32
		{AAA8F74D-68DB-4671-B29F-20A091415340}.Release|x64.ActiveCfg = Release|x64
		{AAA8F74D-68DB-4671-B29F-20A091415340}.Release|x64.Build.0 = Release|x64
		{AAA8F74D-68DB-4671-B29F-20A091415340}.Release|x86.ActiveCfg = Release|Win32
		{AAA8F74D-68DB-4671-B29F-20A091415340}.Release|x86.Build.0 = Release|Win32
		{96D505C3-3A55-4DC1-9523-F0706FBD2E84}.Debug|x64.ActiveCfg = Debug|x64
		{96D505C3-3A55-4DC1-9523-F0706FBD2E84}.Debug|x64.Build.0 = Debug|x64
		{96D505C3-3A55-4DC1-9523-F0706FBD2E84}.Debug|x86.ActiveCfg = Debug|Win32
		{96D505C3-3A55-4DC1-9523-F0706FBD2E84}.Debug|x86.Build.0 = Debug|Win32
		{96D505C3-3A55-4DC1-9523-F0706FBD2E84}.Release|x64.ActiveCfg = Release|x64
		{96D505C3-3A55-4DC1-9523-F0706FBD2E84}.Release|x64.Build.0 = Release|x64
		{96D505C3-3A55-4DC1-9523-F0706FBD2E84}.Release|x86.ActiveCfg = Release|Win32
		{96D505C3-3A55-4DC1-9523-F0706FBD2E84}.Release|x86.Build.0 = Release|Win32
		{2C42058F-B178-4B38-BCA7-F9FF49E488EF}.Debug|x64.ActiveCfg = Debug|x64
		{2C42058F-B178-4B38-BCA7-F9FF49E488EF}.Debug|x64.Build.0 = Debug|x64
		{2C42058F-B178-4B38-BCA7-F9FF49E488EF}.Debug|x86.ActiveCfg = Debug|Win32
		{2C42058F-B178-4B38-BCA7-F9FF49E488EF}.Debug|x86.Build.0 = Debug|Win32
		{2C42058F-B178-4B38-BCA7-F9FF49E488EF}.Release|x64.ActiveCfg = Release|x64
		{2C42058F-B178-4B38-BCA7-F9FF49E488EF}.Release|x64.Build.0 = Release|x64
		{2C42058F-B178-4B38-BCA7-F9FF49E488EF}.Release|x86.ActiveCfg = Release|Win32
		{2C42058F-B178-4B38-BCA7-F9FF49E488EF}.Release|x86.Build.0 = Release|Win32
		{02F4627F-B2C3-4B16-BBEC-46097B7283D2}.Debug|x64.ActiveCfg = Debug|x64
		{02F4627F-B2C3-4B16-BBEC-46097B7283D2}.Debug|x64.Build.0 = Debug|x64
		{02F4627F-B2C3-4B16-BBEC-46097B7283D2}.Debug|x86.ActiveCfg = Debug|Win32
		{02F4627F-B2C3-4B16-BBEC-46097B7283D2}.Debug|x86.Build.0 = Debug|Win32
		{02F4627F-B2C3-4B16-BBEC-46097B7283D2}.Release|x64.ActiveCfg = Release|x64
		{02F4627F-B2C3-4B16-BBEC-46097B7283D2}.Release|x64.Build.0 = Release|x64
		{02F4627F-B2C3-4B16-BBEC-46097B7283D2}.Release|x86.ActiveCfg = Release|Win32
		{02F4627F-B2C3-4B16-BBEC-46097B7283D2}.Release|x86.Build.0 = Release|Win32
		{04B3D38F-31D0-47B2-A682-BE7A12CD60C7}.Debug|x64.ActiveCfg = Debug|x64
		{04B3D38F-31D0-47B2-A682-BE7A12CD60C7}.Debug|x64.Build.0 = Debug|x64
		{04B3D38F-31D0-47B2-A682-BE7A12CD60C7}.Debug|x86.ActiveCfg = Debug|Win32
		{04B3D38F-31D0-47B2-A682-BE7A12CD60C7}.Debug|x86.Build.0 = Debug|Win32
		{04B3D38F-31D0-47B2-A682-BE7A12CD60C7}.Release|x64.ActiveCfg = Release|x64
		{04B3D38F-31D0-47B2-A682-BE7A12CD60C7}.Release|x64.Build.0 = Release|x64
		{04B3D38F-31D0-47B2-A682-BE7A12CD60C7}.Release|x86.ActiveCfg = Release|Win32
		{04B3D38F-31D0-47B2-A682-BE7A12CD60C7}.Release|x86.Build.0 = Release|Win32
		{7D790B1A-F13D-40AF-AE50-9DD4C7232195}.Debug|x64.ActiveCfg = Debug|x64
		{7D790B1A-F13D-40AF-AE50-9DD4C7232195}.Debug|x64.Build.0 = Debug|x64
		{7D790B1A-F13D-40AF-AE50-9DD4C7232195}.Debug|x86.ActiveCfg = Debug|Win32
		{7D790B1A-F13D-40AF-AE50-9DD4C7232195}.Debug|x86.Build.0 = Debug|Win32
		{7D790B1A-F13D-40AF-AE50-9DD4C7232195}.Release|x64.ActiveCfg = Release|x64
		{7D790B1A-F13D-40AF-AE50-9DD4C7232195}.Release|x64.Build.0 = Release|x64
		{7D790B1A-F13D-40AF-AE50-9DD4C7232195}.Release|x86.ActiveCfg = Release|Win32
		{7D790B1A-F13D-40AF-AE50-9DD4C7232195}.Release|x86.Build.0 = Release|Win32
		{8630C5F4-60A2-42BE-ADB1-75511FCC48FF}.Debug|x64.ActiveCfg = Debug|x64
		{8630C5F4-60A2-42BE-ADB1-75511FCC48FF}.Debug|x64.Build.0 = Debug|x64
		{8630C5F4-60A2-42BE-ADB1-75511FCC48FF}.Debug|x86.ActiveCfg = Debug|Win32
		{8630C5F4-60A2-42BE-ADB1-75511FCC48FF}.Debug|x86.Build.0 = Debug|Win32
		{8630C5F4-60A2-42BE-ADB1-75511FCC48FF}.Release|x64.ActiveCfg = Release|x64
		{8630C5F4-60A2-42BE-ADB1-75511FCC48FF}.Release|x64.Build.0 = Release|x64
		{8630C5F4-60A2-42BE-ADB1-75511FCC48FF}.Release|x86.ActiveCfg = Release|Win32
		{8630C5F4-60A2-42BE-ADB1-75511FCC48FF}.Release|x86.Build.0 = Release|Win32
		{FCB89B44-5A21-444D-B150-7AD53ACDB26F}.Debug|x64.ActiveCfg = Debug|x64
		{FCB89B44-5A21-444D-B150-7AD53ACDB26F}.Debug|x64.Build.0 = Debug|x64
		{FCB89B44-5A21-444D-B150-7AD53ACDB26F}.Debug|x86.ActiveCfg = Debug|Win32
		{FCB89B44-5A21-444D-B150-7AD53ACDB26F}.Debug|x86.Build.0 = Debug|Win32
		{FCB89B44-5A21-444D-B150-7AD53ACDB26F}.Release|x64.ActiveCfg = Release|x64
		{FCB89B44-5A21-444D-B150-7AD53ACDB26F}.Release|x64.Build.0 = Release|x64
		{FCB89B44-5A21-444D-B150-7AD53ACDB26F}.Release|x86.ActiveCfg = Release|Win32
		{FCB89B44-5A21-444D-B150-7AD53ACDB26F}.Release|x86.Build.0 = Release|Win32
		{3844D4E5-54ED-4E49-A212-B5C9113CAF00}.Debug|x64.ActiveCfg = Debug|x64
		{3844D4E5-54ED-4E49-A212-B5C9113CAF00}.Debug|x64.Build.0 = Debug|x64
		{3844D4E5-54ED-4E49-A212-B5C9113CAF00}.Debug|x86.ActiveCfg = Debug|Win32
		{3844D4E5-54ED-4E49-A212-B5C9113CAF00}.Debug|x86.Build.0 = Debug|Win32
		{3844D4E5-54ED-4E49-A212-B5C9113CAF00}.Release|x64.ActiveCfg = Release|x64
		{3844D4E5-54ED-4E49-A212-B5C9113CAF00}.Release|x64.Build.0 = Release|x64
		{3844D4E5-54ED-4E49-A212-B5C9113CAF00}.Release|x86.ActiveCfg = Release|Win32
		{3844D4E5-54ED-4E49-A212-B5C9113CAF00}.Release|x86.Build.0 = Release|Win32
		{3470F169-5980-4432-A13B-DED7F49A837F}.Debug|x64.ActiveCfg = Debug|x64
		{3470F169-5980-4432-A13B-DED7F49A837F}.Debug|x64.Build.0 = Debug|x64
		{3470F169-5980-4432-A13B-DED7F49A837F}.Debug|x86.ActiveCfg = Debug|Win32
		{3470F169-5980-4432-A13B-DED7F49A837F}.Debug|x86.Build.0 = Debug|Win32
		{3470F169-5980-4432-A13B-DED7F49A837F}.Release|x64.ActiveCfg = Release|x64
		{3470F169-5980-4432-A13B-DED7F49A837F}.Release|x64.Build.0 = Release|x64
		{3470F169-5980-4432-A13B-DED7F49A837F}.Release|x86.ActiveCfg = Release|Win32
		{3470F169-5980-4432-A13B-DED7F49A837F}.Release|x86.Build.0 = Release|Win32
		{0D05C53A-DDDB-41BD-8645-94817C44CBAC}.Debug|x64.ActiveCfg = Debug|x64
		{0D05C53A-DDDB-41BD-8645-94817C44CBAC}.Debug|x64.Build.0 = Debug|x64
		{0D05C53A-DDDB-41BD-8645-94817C44CBAC}.Debug|x86.ActiveCfg = Debug|Win32
		{0D05C53A-DDDB-41BD-8645-94817C44CBAC}.Debug|x86.Build.0 = Debug|Win32
		{0D05C53A-DDDB-41BD-8645-94817C44CBAC}.Release|x64.ActiveCfg = Release|x64
		{0D05C53A-DDDB-41BD-8645-94817C44CBAC}.Release|x64.Build.0 = Release|x64
		{0D05C53A-DDDB-41BD-8645-94817C44CBAC}.Release|x86.ActiveCfg = Release|Win32
		{0D05C53A-DDDB-41BD-8645-94817C44CBAC}.Release|x86.Build.0 = Release|Win32
		{36135803-12B5-4A52-998E-5A7413325F1E}.Debug|x64.ActiveCfg = Debug|x64
		{36135803-12B5-4A52-998E-5A7413325F1E}.Debug|x64.Build.0 = Debug|x64
		{36135803-12B5-4A52-998E-5A7413325F1E}.Debug|x86.ActiveCfg = Debug|Win32
		{36135803-12B5-4A52-998E-5A7413325F1E}.Debug|x86.Build.0 = Debug|Win32
		{36135803-12B5-4A52-998E-5A7413325F1E}.Release|x64.ActiveCfg = Release|x64
		{36135803-12B5-4A52-998E-5A7413325F1E}.Release|x64.Build.0 = Release|x64
		{36135803-12B5-4A52-998E-5A7413325F1E}.Release|x86.ActiveCfg = Release|Win32
		{36135803-12B5-4A52-998E-5A7413325F1E}.Release|x86.Build.0 = Release|Win32
		{7F90F090-F918-41AD-8B56-D11275F39840}.Debug|x64.ActiveCfg = Debug|x64
		{7F90F090-F918-41AD-8B56-D11275F39840}.Debug|x64.Build.0 = Debug|x64
		{7F90F090-F918-41AD-8B56-D11275F39840}.Debug|x86.ActiveCfg = Debug|Win32
		{7F90F090-F918-41AD-8B56-D11275F39840}.Debug|x86.Build.0 = Debug|Win32
		{7F90F090-F918-41AD-8B56-D11275F39840}.Release|x64.ActiveCfg = Release|x64
		{7F90F090-F918-41AD-8B56-D11275F39840}.Release|x64.Build.0 = Release|x64
		{7F90F090-F918-41AD-8B56-D11275F39840}.Release|x86.ActiveCfg = Release|Win32
		{7F90F090-F918-41AD-8B56-D11275F39840}.Release|x86.Build.0 = Release|Win32
		{0BB6C438-0C4A-4F18-B4CC-CD1681AFA729}.Debug|x64.ActiveCfg = Debug|x64
		{0BB6C438-0C4A-4F18-B4CC-CD1681AFA729}.Debug|x64.Build.0 = Debug|x64
		{0BB6C438-0C4A-4F18-B4CC-CD1681AFA729}.Debug|x86.ActiveCfg = Debug|Win32
		{0BB6C438-0C4A-4F18-B4CC-CD1681AFA729}.Debug|x86.Build.0 = Debug|Win32
		{0BB6C438-0C4A-4F18-B4CC-CD1681AFA729}.Release|x64.ActiveCfg = Release|x64
		{0BB6C438-0C4A-4F18-B4CC-CD1681AFA729}.Release|x64.Build.0 = Release|x64
		{0BB6C438-0C4A-4F18-B4CC-CD1681AFA729}.Release|x86.ActiveCfg = Release|Win32
		{0BB6C438-0C4A-4F18-B4CC-CD1681AFA729}.Release|x86.Build.0 = Release|Win32
		{9ECCBEEC-30EC-4ACF-9226-D4DA9DA5F64B}.Debug|x64.ActiveCfg = Debug|x64
		{9ECCBEEC-30EC-4ACF-9226-D4DA9DA5F64B}.Debug|x64.Build.0 = Debug|x64
		{9ECCBEEC-30EC-4ACF-9226-D4DA9DA5F64B}.Debug|x86.ActiveCfg = Debug|Win32
		{9ECCBEEC-30EC-4ACF-9226-D4DA9DA5F64B}.Debug|x86.Build.0 = Debug|Win32
		{9ECCBEEC-30EC-4ACF-9226-D4DA9DA5F64B}.Release|x64.ActiveCfg = Release|x64
		{9ECCBEEC-30EC-4ACF-9226-D4DA9DA5F64B}.Release|x64.Build.0 = Release|x64
		{9ECCBEEC-30EC-4ACF-9226-D4DA9DA5F64B}.Release|x86.ActiveCfg = Release|Win32
		{9ECCBEEC-30EC-4ACF-9226-D4DA9DA5F64B}.Release|x86.Build.0 = Release|Win32
		{9F213736-D6A8-4FFF-97BE-5806A96B0109}.Debug|x64.ActiveCfg = Debug|x64
		{9F213736-D6A8-4FFF-97BE-5806A96B0109}.Debug|x64.Build.0 = Debug|x64
		{9F213736-D6A8-4FFF-97BE-5806A96B0109}.Debug|x86.ActiveCfg = Debug|Win32
		{9F213736-D6A8-4FFF-97BE-5806A96B0109}.Debug|x86.Build.0 = Debug|Win32
		{9F213736-D6A8-4FFF-97BE-5806A96B0109}.Release|x64.ActiveCfg = Release|x64
		{9F213736-D6A8-4FFF-97BE-5806A96B0109}.Release|x64.Build.0 = Release|x64
		{9F213736-D6A8-4FFF-97BE-5806A96B0109}.Release|x86.ActiveCfg = Release|Win32
		{9F213736-D6A8-4FFF-97BE-5806A96B0109}.Release|x86.Build.0 = Release|Win32
		{48C1A8E3-1842-45A8-A8A7-F58C8AFA6E29}.Debug|x64.ActiveCfg = Debug|x64
		{48C1A8E3-1842-45A8-A8A7-F58C8AFA6E29}.Debug|x64.Build.0 = Debug|x64
		{48C1A8E3-1842-45A8-A8A7-F58C8AFA6E29}.Debug|x86.ActiveCfg = Debug|Win32
		{48C1A8E3-1842-45A8-A8A7-F58C8AFA6E29}.Debug|x86.Build.0 = Debug|Win32
		{48C1A8E3-1842-45A8-A8A7-F58C8AFA6E29}.Release|x64.ActiveCfg = Release|x64
		{48C1A8E3-1842-45A8-A8A7-F58C8AFA6E29}.Release|x64.Build.0 = Release|x64
		{48C1A8E3-1842-45A8-A8A7-F58C8AFA6E29}.Release|x86.ActiveCfg = Release|Win32
		{48C1A8E3-1842-45A8-A8A7-F58C8AFA6E29}.Release|x86.Build.0 = Release|Win32
		{CC783C14-5F7A-49AA-AE59-30067F667A6A}.Debug|x64.ActiveCfg = Debug|x64
		{CC783C14-5F7A-49AA-AE59-30067F667A6A}.Debug|x64.Build.0 = Debug|x64
		{CC783C14-5F7A-49AA-AE59-30067F667A6A}.Debug|x86.ActiveCfg = Debug|Win32
		{CC783C14-5F7A-49AA-AE59-30067F667A6A}.Debug|x86.Build.0 = Debug|Win32
		{CC783C14-5F7A-49AA-AE59-30067F667A6A}.Release|x64.ActiveCfg = Release|x64
		{CC783C14-5F7A-49AA-AE59-30067F667A6A}.Release|x64.Build.0 = Release|x64
		{CC783C14-5F7A-49AA-AE59-30067F667A6A}.Release|x86.ActiveCfg = Release|Win32
		{CC783C14-5F7A-49AA-AE59-30067F667A6A}.Release|x86.Build.0 = Release|Win32
		{5D0849F5-A2BF-4803-B111-8F3D6B957832}.Debug|x64.ActiveCfg = Debug|x64
		{5D0849F5-A2BF-4803-B111-8F3D6B957832}.Debug|x64.Build.0 = Debug|x64
		{5D0849F5-A2BF-4803-B111-8F3D6B957832}.Debug|x86.ActiveCfg = Debug|Win32
		{5D0849F5-A2BF-4803-B111-8F3D6B957832}.Debug|x86.Build.0 = Debug|Win32
		{5D0849F5-A2BF-4803-B111-8F3D6B957832}.Release|x64.ActiveCfg = Release|x64
		{5D0849F5-A2BF-4803-B111-8F3D6B957832}.Release|x64.Build.0 = Release|x64
		{5D0849F5-A2BF-4803-B111-8F3D6B957832}.Release|x86.ActiveCfg = Release|Win32
		{5D0849F5-A2BF-4803-B111-8F3D6B957832}.Release|x86.Build.0 = Release|Win32
		{851A0D4F-D261-42CE-B3A4-A541759158BB}.Debug|x64.ActiveCfg = Debug|x64
		{851A0D4F-D261-42CE-B3A4-A541759158BB}.Debug|x64.Build.0 = Debug|x64
		{851A0D4F-D261-42CE-B3A4-A541759158BB}.Debug|x86.ActiveCfg = Debug|Win32
		{851A0D4F-D261-42CE-B3A4-A541759158BB}.Debug|x86.Build.0 = Debug|Win32
		{851A0D4F-D261-42CE-B3A4-A541759158BB}.Release|x64.ActiveCfg = Release|x64
		{851A0D4F-D261-42CE-B3A4-A541759158BB}.Release|x64.Build.0 = Release|x64
		{851A0D4F-D261-42CE-B3A4-A541759158BB}.Release|x86.ActiveCfg = Release|Win32
		{851A0D4F-D261-42CE-B3A4-A541759158BB}.Release|x86.Build.0 = Release|Win32
		{3F470193-9C7E-43CD-8D9C-9BC5CA14A2E6}.Debug|x64.ActiveCfg = Debug|x64
		{3F470193-9C7E-43CD-8D9C-9BC5CA14A2E6}.Debug|x64.Build.0 = Debug|x64
		{3F470193-9C7E-43CD-8D9C-9BC5CA14A2E6}.Debug|x86.ActiveCfg = Debug|Win32
		{3F470193-9C7E-43CD-8D9C-9BC5CA14A2E6}.Debug|x86.Build.0 = Debug|Win32
		{3F470193-9C7E-43CD-8D9C-9BC5CA14A2E6}.Release|x64.ActiveCfg = Release|x64
		{3F470193-9C7E-43CD-8D9C-9BC5CA14A2E6}.Release|x64.Build.0 = Release|x64
		{3F470193-9C7E-43CD-8D9C-9BC5CA14A2E6}.Release|x86.ActiveCfg = Release|Win32
		{3F470193-9C7E-43CD-8D9C-9BC5CA14A2E6}.Release|x86.Build.0 = Release|Win32
	EndGlobalSection
	GlobalSection(SolutionProperties) = preSolution
		HideSolutionNode = FALSE
	EndGlobalSection
	GlobalSection(NestedProjects) = preSolution
		{AAA8F74D-68DB-4671-B29F-20A091415340} = {7FA4D1F4-0054-4B65-91B3-ED8FF20685C6}
		{96D505C3-3A55-4DC1-9523-F0706FBD2E84} = {7FA4D1F4-0054-4B65-91B3-ED8FF20685C6}
		{2C42058F-B178-4B38-BCA7-F9FF49E488EF} = {7FA4D1F4-0054-4B65-91B3-ED8FF20685C6}
		{02F4627F-B2C3-4B16-BBEC-46097B7283D2} = {7FA4D1F4-0054-4B65-91B3-ED8FF20685C6}
		{04B3D38F-31D0-47B2-A682-BE7A12CD60C7} = {7FA4D1F4-0054-4B65-91B3-ED8FF20685C6}
		{7D790B1A-F13D-40AF-AE50-9DD4C7232195} = {7FA4D1F4-0054-4B65-91B3-ED8FF20685C6}
		{8630C5F4-60A2-42BE-ADB1-75511FCC48FF} = {7FA4D1F4-0054-4B65-91B3-ED8FF20685C6}
		{FCB89B44-5A21-444D-B150-7AD53ACDB26F} = {7FA4D1F4-0054-4B65-91B3-ED8FF20685C6}
		{3844D4E5-54ED-4E49-A212-B5C9113CAF00} = {7FA4D1F4-0054-4B65-91B3-ED8FF20685C6}
		{3470F169-5980-4432-A13B-DED7F49A837F} = {7FA4D1F4-0054-4B65-91B3-ED8FF20685C6}
		{0D05C53A-DDDB-41BD-8645-94817C44CBAC} = {7FA4D1F4-0054-4B65-91B3-ED8FF20685C6}
		{36135803-12B5-4A52-998E-5A7413325F1E} = {7FA4D1F4-0054-4B65-91B3-ED8FF20685C6}
		{7F90F090-F918-41AD-8B56-D11275F39840} = {7FA4D1F4-0054-4B65-91B3-ED8FF20685C6}
		{0BB6C438-0C4A-4F18-B4CC-CD1681AFA729} = {7FA4D1F4-0054-4B65-91B3-ED8FF20685C6}
		{9ECCBEEC-30EC-4ACF-9226-D4DA9DA5F64B} = {7FA4D1F4-0054-4B65-91B3-ED8FF20685C6}
		{9F213736-D6A8-4FFF-97BE-5806A96B0109} = {7FA4D1F4-0054-4B65-91B3-ED8FF20685C6}
		{48C1A8E3-1842-45A8-A8A7-F58C8AFA6E29} = {7FA4D1F4-0054-4B65-91B3-ED8FF20685C6}
		{CC783C14-5F7A-49AA-AE59-30067F667A6A} = {7FA4D1F4-0054-4B65-91B3-ED8FF20685C6}
		{5D0849F5-A2BF-4803-B111-8F3D6B957832} = {7FA4D1F4-0054-4B65-91B3-ED8FF20685C6}
		{851A0D4F-D261-42CE-B3A4-A541759158BB} = {DC1F55B9-4B7C-4ABB-AD6B-59526EAD1CBC}
		{3F470193-9C7E-43CD-8D9C-9BC5CA14A2E6} = {7FA4D1F4-0054-4B65-91B3-ED8FF20685C6}
	EndGlobalSection
	GlobalSection(ExtensibilityGlobals) = postSolution
		SolutionGuid = {FCB4C4E3-D99C-432A-9EB3-FD68A6AC9F9E}
	EndGlobalSection
EndGlobal
