<?xml version="1.0" encoding="utf-8"?>
<Project ToolsVersion="4.0" xmlns="http://schemas.microsoft.com/developer/msbuild/2003">
  <ItemGroup>
    <ClInclude Include="login-ui.h" />
  </ItemGroup>
  <ItemGroup>
    <ClCompile Include="main.cpp" />
    <ClCompile Include="login-ui.cpp" />
  </ItemGroup>
  <ItemGroup>
    <Xml Include="main.xml" />
  </ItemGroup>
</Project>