
Microsoft Visual Studio Solution File, Format Version 12.00
# Visual Studio Version 17
VisualStudioVersion = 17.3.32922.545
MinimumVisualStudioVersion = 10.0.40219.1
Project("{8BC9CEB8-8B4A-11D0-8D11-00A0C91BC942}") = "3DControl", "3DControl.vcxproj", "{96D505C3-3A55-4DC1-9523-F0706FBD2E84}"
EndProject
Global
	GlobalSection(SolutionConfigurationPlatforms) = preSolution
		Debug|x64 = Debug|x64
		Debug|x86 = Debug|x86
		Release|x64 = Release|x64
		Release|x86 = Release|x86
	EndGlobalSection
	GlobalSection(ProjectConfigurationPlatforms) = postSolution
		{96D505C3-3A55-4DC1-9523-F0706FBD2E84}.Debug|x64.ActiveCfg = Debug|x64
		{96D505C3-3A55-4DC1-9523-F0706FBD2E84}.Debug|x64.Build.0 = Debug|x64
		{96D505C3-3A55-4DC1-9523-F0706FBD2E84}.Debug|x86.ActiveCfg = Debug|Win32
		{96D505C3-3A55-4DC1-9523-F0706FBD2E84}.Debug|x86.Build.0 = Debug|Win32
		{96D505C3-3A55-4DC1-9523-F0706FBD2E84}.Release|x64.ActiveCfg = Release|x64
		{96D505C3-3A55-4DC1-9523-F0706FBD2E84}.Release|x64.Build.0 = Release|x64
		{96D505C3-3A55-4DC1-9523-F0706FBD2E84}.Release|x86.ActiveCfg = Release|Win32
		{96D505C3-3A55-4DC1-9523-F0706FBD2E84}.Release|x86.Build.0 = Release|Win32
	EndGlobalSection
	GlobalSection(SolutionProperties) = preSolution
		HideSolutionNode = FALSE
	EndGlobalSection
	GlobalSection(ExtensibilityGlobals) = postSolution
		SolutionGuid = {3A5A7F0B-93B7-420A-8A95-A2814EF10090}
	EndGlobalSection
EndGlobal
