
Microsoft Visual Studio Solution File, Format Version 12.00
# Visual Studio Version 17
VisualStudioVersion = 17.3.32922.545
MinimumVisualStudioVersion = 10.0.40219.1
Project("{8BC9CEB8-8B4A-11D0-8D11-00A0C91BC942}") = "vml-pushbutton", "vml-pushbutton.vcxproj", "{0BB6C438-0C4A-4F18-B4CC-CD1681AFA729}"
EndProject
Global
	GlobalSection(SolutionConfigurationPlatforms) = preSolution
		Debug|x64 = Debug|x64
		Debug|x86 = Debug|x86
		Release|x64 = Release|x64
		Release|x86 = Release|x86
	EndGlobalSection
	GlobalSection(ProjectConfigurationPlatforms) = postSolution
		{0BB6C438-0C4A-4F18-B4CC-CD1681AFA729}.Debug|x64.ActiveCfg = Debug|x64
		{0BB6C438-0C4A-4F18-B4CC-CD1681AFA729}.Debug|x64.Build.0 = Debug|x64
		{0BB6C438-0C4A-4F18-B4CC-CD1681AFA729}.Debug|x86.ActiveCfg = Debug|Win32
		{0BB6C438-0C4A-4F18-B4CC-CD1681AFA729}.Debug|x86.Build.0 = Debug|Win32
		{0BB6C438-0C4A-4F18-B4CC-CD1681AFA729}.Release|x64.ActiveCfg = Release|x64
		{0BB6C438-0C4A-4F18-B4CC-CD1681AFA729}.Release|x64.Build.0 = Release|x64
		{0BB6C438-0C4A-4F18-B4CC-CD1681AFA729}.Release|x86.ActiveCfg = Release|Win32
		{0BB6C438-0C4A-4F18-B4CC-CD1681AFA729}.Release|x86.Build.0 = Release|Win32
	EndGlobalSection
	GlobalSection(SolutionProperties) = preSolution
		HideSolutionNode = FALSE
	EndGlobalSection
	GlobalSection(ExtensibilityGlobals) = postSolution
		SolutionGuid = {39F11AF3-435F-45A7-9BD1-E2163A0A4899}
	EndGlobalSection
EndGlobal
