<?xml version="1.0" encoding="utf-8"?>
<Project ToolsVersion="4.0" xmlns="http://schemas.microsoft.com/developer/msbuild/2003">
  <ItemGroup>
    <Filter Include="tester">
      <UniqueIdentifier>{0371cdbf-f3c3-4cef-a276-f039a1d9e243}</UniqueIdentifier>
    </Filter>
  </ItemGroup>
  <ItemGroup>
    <ClCompile Include="tester\mem\mem-test.cpp">
      <Filter>tester</Filter>
    </ClCompile>
    <ClCompile Include="src\kernel\mem\vmemory.cpp" />
    <ClCompile Include="src\kernel\debug\vdebug.cpp" />
    <ClCompile Include="tester\debug\debug-test.cpp" />
    <ClCompile Include="src\kernel\mem\vmemorypolicy.cpp" />
    <ClCompile Include="tester\tester.cpp" />
    <ClCompile Include="inc\kernel\mem\vconstantpool.h" />
    <ClCompile Include="src\kernel\mem\vconstantpool.cpp" />
    <ClCompile Include="src\kernel\mem\vmemrbtree.cpp" />
  </ItemGroup>
  <ItemGroup>
    <ClInclude Include="inc\kernel\base\vbase.h" />
    <ClInclude Include="inc\kernel\mem\vmemory.h" />
    <ClInclude Include="inc\kernel\debug\vdebug.h" />
    <ClInclude Include="inc\kernel\mem\vmemorypolicy.h" />
    <ClInclude Include="inc\kernel\mem\vmemrbtree.h" />
  </ItemGroup>
</Project>