<?xml version="1.0" encoding="utf-8"?>
<Project ToolsVersion="4.0" xmlns="http://schemas.microsoft.com/developer/msbuild/2003">
  <ItemGroup>
    <ClCompile Include="pvmainwindow.cpp">
      <Filter>src</Filter>
    </ClCompile>
    <ClCompile Include="main.cpp" />
  </ItemGroup>
  <ItemGroup>
    <Xml Include="mainui.xml" />
  </ItemGroup>
  <ItemGroup>
    <None Include="uistyle.css" />
  </ItemGroup>
  <ItemGroup>
    <Filter Include="include">
      <UniqueIdentifier>{d0de2dff-91f5-4e65-91ff-91d4a010ea77}</UniqueIdentifier>
    </Filter>
    <Filter Include="src">
      <UniqueIdentifier>{a3747e26-64c2-4026-82a6-0df5cb7cc248}</UniqueIdentifier>
    </Filter>
  </ItemGroup>
  <ItemGroup>
    <ClInclude Include="pvmainwindow.h">
      <Filter>include</Filter>
    </ClInclude>
  </ItemGroup>
</Project>