
Microsoft Visual Studio Solution File, Format Version 12.00
# Visual Studio Version 17
VisualStudioVersion = 17.3.32922.545
MinimumVisualStudioVersion = 10.0.40219.1
Project("{8BC9CEB8-8B4A-11D0-8D11-00A0C91BC942}") = "ui-design", "ui-design.vcxproj", "{3470F169-5980-4432-A13B-DED7F49A837F}"
EndProject
Global
	GlobalSection(SolutionConfigurationPlatforms) = preSolution
		Debug|x64 = Debug|x64
		Debug|x86 = Debug|x86
		Release|x64 = Release|x64
		Release|x86 = Release|x86
	EndGlobalSection
	GlobalSection(ProjectConfigurationPlatforms) = postSolution
		{3470F169-5980-4432-A13B-DED7F49A837F}.Debug|x64.ActiveCfg = Debug|x64
		{3470F169-5980-4432-A13B-DED7F49A837F}.Debug|x64.Build.0 = Debug|x64
		{3470F169-5980-4432-A13B-DED7F49A837F}.Debug|x86.ActiveCfg = Debug|Win32
		{3470F169-5980-4432-A13B-DED7F49A837F}.Debug|x86.Build.0 = Debug|Win32
		{3470F169-5980-4432-A13B-DED7F49A837F}.Release|x64.ActiveCfg = Release|x64
		{3470F169-5980-4432-A13B-DED7F49A837F}.Release|x64.Build.0 = Release|x64
		{3470F169-5980-4432-A13B-DED7F49A837F}.Release|x86.ActiveCfg = Release|Win32
		{3470F169-5980-4432-A13B-DED7F49A837F}.Release|x86.Build.0 = Release|Win32
	EndGlobalSection
	GlobalSection(SolutionProperties) = preSolution
		HideSolutionNode = FALSE
	EndGlobalSection
	GlobalSection(ExtensibilityGlobals) = postSolution
		SolutionGuid = {63508F8F-0A8C-4C5F-A7F0-C6A9BBEEEB07}
	EndGlobalSection
EndGlobal
