<?xml version="1.0" encoding="utf-8"?>
<Project ToolsVersion="4.0" xmlns="http://schemas.microsoft.com/developer/msbuild/2003">
  <ItemGroup>
    <ClCompile Include="main.cpp" />
    <ClCompile Include="..\..\src\core\animation\vanimation.cc">
      <Filter>lib</Filter>
    </ClCompile>
    <ClCompile Include="..\..\src\core\animation\vanimationcurve.cc">
      <Filter>lib</Filter>
    </ClCompile>
    <ClCompile Include="..\..\src\core\control\vabstractbutton.cc">
      <Filter>lib</Filter>
    </ClCompile>
    <ClCompile Include="..\..\src\core\control\vblurlabel.cc">
      <Filter>lib</Filter>
    </ClCompile>
    <ClCompile Include="..\..\src\core\control\vcanvas.cc">
      <Filter>lib</Filter>
    </ClCompile>
    <ClCompile Include="..\..\src\core\control\vdragcontrolbase.cc">
      <Filter>lib</Filter>
    </ClCompile>
    <ClCompile Include="..\..\src\core\control\vfakecaption.cc">
      <Filter>lib</Filter>
    </ClCompile>
    <ClCompile Include="..\..\src\core\control\viconbutton.cc">
      <Filter>lib</Filter>
    </ClCompile>
    <ClCompile Include="..\..\src\core\control\vimagelabel.cc">
      <Filter>lib</Filter>
    </ClCompile>
    <ClCompile Include="..\..\src\core\control\vlayout.cc">
      <Filter>lib</Filter>
    </ClCompile>
    <ClCompile Include="..\..\src\core\control\vlineeditor.cc">
      <Filter>lib</Filter>
    </ClCompile>
    <ClCompile Include="..\..\src\core\control\vpushbutton.cc">
      <Filter>lib</Filter>
    </ClCompile>
    <ClCompile Include="..\..\src\core\control\vradiobutton.cc">
      <Filter>lib</Filter>
    </ClCompile>
    <ClCompile Include="..\..\src\core\control\vscrollbar.cc">
      <Filter>lib</Filter>
    </ClCompile>
    <ClCompile Include="..\..\src\core\control\vscroller.cc">
      <Filter>lib</Filter>
    </ClCompile>
    <ClCompile Include="..\..\src\core\control\vswitchgroup.cc">
      <Filter>lib</Filter>
    </ClCompile>
    <ClCompile Include="..\..\src\core\control\vtextlabel.cc">
      <Filter>lib</Filter>
    </ClCompile>
    <ClCompile Include="..\..\src\core\control\vviewlabel.cc">
      <Filter>lib</Filter>
    </ClCompile>
    <ClCompile Include="..\..\src\core\object\vapplication.cc">
      <Filter>lib</Filter>
    </ClCompile>
    <ClCompile Include="..\..\src\core\object\vuiobject.cc">
      <Filter>lib</Filter>
    </ClCompile>
    <ClCompile Include="..\..\src\core\render\vbrush.cc">
      <Filter>lib</Filter>
    </ClCompile>
    <ClCompile Include="..\..\src\core\render\vcolor.cc">
      <Filter>lib</Filter>
    </ClCompile>
    <ClCompile Include="..\..\src\core\render\vdirectxfactory.cc">
      <Filter>lib</Filter>
    </ClCompile>
    <ClCompile Include="..\..\src\core\render\vimage.cc">
      <Filter>lib</Filter>
    </ClCompile>
    <ClCompile Include="..\..\src\core\render\vpainter.cc">
      <Filter>lib</Filter>
    </ClCompile>
    <ClCompile Include="..\..\src\core\render\vpainterdevice.cc">
      <Filter>lib</Filter>
    </ClCompile>
    <ClCompile Include="..\..\src\core\render\vrenderbasic.cc">
      <Filter>lib</Filter>
    </ClCompile>
    <ClCompile Include="..\..\src\core\render\vwrite.cc">
      <Filter>lib</Filter>
    </ClCompile>
    <ClCompile Include="..\..\src\core\signal\vsignal.cc">
      <Filter>lib</Filter>
    </ClCompile>
    <ClCompile Include="..\..\src\core\uibasic\vsmarttimer.cc">
      <Filter>lib</Filter>
    </ClCompile>
    <ClCompile Include="..\..\src\core\uibasic\vtimer.cc">
      <Filter>lib</Filter>
    </ClCompile>
    <ClCompile Include="..\..\src\core\uibasic\vuiinterpolator.cc">
      <Filter>lib</Filter>
    </ClCompile>
    <ClCompile Include="..\..\src\core\uibasic\vuitheme.cc">
      <Filter>lib</Filter>
    </ClCompile>
    <ClCompile Include="..\..\src\core\vbasiccore.cc">
      <Filter>lib</Filter>
    </ClCompile>
    <ClCompile Include="..\..\src\core\visual\vvisual.cc">
      <Filter>lib</Filter>
    </ClCompile>
    <ClCompile Include="..\..\src\core\widget\vmessage.cc">
      <Filter>lib</Filter>
    </ClCompile>
    <ClCompile Include="..\..\src\core\widget\vprivatewidget.cc">
      <Filter>lib</Filter>
    </ClCompile>
    <ClCompile Include="..\..\src\core\widget\vwidget.cc">
      <Filter>lib</Filter>
    </ClCompile>
    <ClCompile Include="..\..\src\debug\vdebug.cc">
      <Filter>lib</Filter>
    </ClCompile>
    <ClCompile Include="..\..\src\kits\seal.info.cc">
      <Filter>lib</Filter>
    </ClCompile>
    <ClCompile Include="..\..\src\kits\seal.lexical.cc">
      <Filter>lib</Filter>
    </ClCompile>
    <ClCompile Include="..\..\src\kits\seal.lexical.token.cc">
      <Filter>lib</Filter>
    </ClCompile>
    <ClCompile Include="..\..\src\kits\vallocator.cc">
      <Filter>lib</Filter>
    </ClCompile>
    <ClCompile Include="..\..\src\kits\vcolorhelper.cc">
      <Filter>lib</Filter>
    </ClCompile>
    <ClCompile Include="..\..\src\kits\vparserhelper.cc">
      <Filter>lib</Filter>
    </ClCompile>
    <ClCompile Include="..\..\src\vml\vml.cpp">
      <Filter>lib</Filter>
    </ClCompile>
    <ClCompile Include="..\..\src\vml\vmlbuilder.cpp">
      <Filter>lib</Filter>
    </ClCompile>
    <ClCompile Include="..\..\src\vml\vmlparser.cpp">
      <Filter>lib</Filter>
    </ClCompile>
    <ClCompile Include="..\..\src\vml\vmlvariable.cpp">
      <Filter>lib</Filter>
    </ClCompile>
    <ClCompile Include="..\..\src\vml\vmlwidget.cpp">
      <Filter>lib</Filter>
    </ClCompile>
    <ClCompile Include="..\..\src\vss\vssbuilder.cc">
      <Filter>lib</Filter>
    </ClCompile>
    <ClCompile Include="..\..\src\vss\vssparser.cc">
      <Filter>lib</Filter>
    </ClCompile>
    <ClCompile Include="..\..\src\win32base\vwin32base.cc">
      <Filter>lib</Filter>
    </ClCompile>
  </ItemGroup>
  <ItemGroup>
    <Xml Include="mainui.xml" />
  </ItemGroup>
  <ItemGroup>
    <Filter Include="lib">
      <UniqueIdentifier>{0daf5347-01bd-44bf-911a-7629d19004a1}</UniqueIdentifier>
    </Filter>
  </ItemGroup>
  <ItemGroup>
    <ClInclude Include="..\..\include\core\animation\vanimation.h">
      <Filter>lib</Filter>
    </ClInclude>
    <ClInclude Include="..\..\include\core\animation\vanimationcurve.h">
      <Filter>lib</Filter>
    </ClInclude>
    <ClInclude Include="..\..\include\core\control\vabstractbutton.h">
      <Filter>lib</Filter>
    </ClInclude>
    <ClInclude Include="..\..\include\core\control\vblurlabel.h">
      <Filter>lib</Filter>
    </ClInclude>
    <ClInclude Include="..\..\include\core\control\vcanvas.h">
      <Filter>lib</Filter>
    </ClInclude>
    <ClInclude Include="..\..\include\core\control\vdragcontrolbase.h">
      <Filter>lib</Filter>
    </ClInclude>
    <ClInclude Include="..\..\include\core\control\vfakecaption.h">
      <Filter>lib</Filter>
    </ClInclude>
    <ClInclude Include="..\..\include\core\control\viconbutton.h">
      <Filter>lib</Filter>
    </ClInclude>
    <ClInclude Include="..\..\include\core\control\vimagelabel.h">
      <Filter>lib</Filter>
    </ClInclude>
    <ClInclude Include="..\..\include\core\control\vlayout.h">
      <Filter>lib</Filter>
    </ClInclude>
    <ClInclude Include="..\..\include\core\control\vlineeditor.h">
      <Filter>lib</Filter>
    </ClInclude>
    <ClInclude Include="..\..\include\core\control\vpushbutton.h">
      <Filter>lib</Filter>
    </ClInclude>
    <ClInclude Include="..\..\include\core\control\vradiobutton.h">
      <Filter>lib</Filter>
    </ClInclude>
    <ClInclude Include="..\..\include\core\control\vscrollbar.h">
      <Filter>lib</Filter>
    </ClInclude>
    <ClInclude Include="..\..\include\core\control\vscroller.h">
      <Filter>lib</Filter>
    </ClInclude>
    <ClInclude Include="..\..\include\core\control\vswitchgroup.h">
      <Filter>lib</Filter>
    </ClInclude>
    <ClInclude Include="..\..\include\core\control\vtextlabel.h">
      <Filter>lib</Filter>
    </ClInclude>
    <ClInclude Include="..\..\include\core\control\vviewlabel.h">
      <Filter>lib</Filter>
    </ClInclude>
    <ClInclude Include="..\..\include\core\object\vapplication.h">
      <Filter>lib</Filter>
    </ClInclude>
    <ClInclude Include="..\..\include\core\object\vuiobject.h">
      <Filter>lib</Filter>
    </ClInclude>
    <ClInclude Include="..\..\include\core\render\vbrush.h">
      <Filter>lib</Filter>
    </ClInclude>
    <ClInclude Include="..\..\include\core\render\vcolor.h">
      <Filter>lib</Filter>
    </ClInclude>
    <ClInclude Include="..\..\include\core\render\vdirectxfactory.h">
      <Filter>lib</Filter>
    </ClInclude>
    <ClInclude Include="..\..\include\core\render\vimage.h">
      <Filter>lib</Filter>
    </ClInclude>
    <ClInclude Include="..\..\include\core\render\vpainter.h">
      <Filter>lib</Filter>
    </ClInclude>
    <ClInclude Include="..\..\include\core\render\vpainterdevice.h">
      <Filter>lib</Filter>
    </ClInclude>
    <ClInclude Include="..\..\include\core\render\vrenderbasic.h">
      <Filter>lib</Filter>
    </ClInclude>
    <ClInclude Include="..\..\include\core\render\vwrite.h">
      <Filter>lib</Filter>
    </ClInclude>
    <ClInclude Include="..\..\include\core\signal\vsignal.h">
      <Filter>lib</Filter>
    </ClInclude>
    <ClInclude Include="..\..\include\core\uibasic\vsmarttimer.h">
      <Filter>lib</Filter>
    </ClInclude>
    <ClInclude Include="..\..\include\core\uibasic\vtimer.h">
      <Filter>lib</Filter>
    </ClInclude>
    <ClInclude Include="..\..\include\core\uibasic\vuiinterpolator.h">
      <Filter>lib</Filter>
    </ClInclude>
    <ClInclude Include="..\..\include\core\uibasic\vuitheme.h">
      <Filter>lib</Filter>
    </ClInclude>
    <ClInclude Include="..\..\include\core\vbasiccore.h">
      <Filter>lib</Filter>
    </ClInclude>
    <ClInclude Include="..\..\include\core\vcontrol.h">
      <Filter>lib</Filter>
    </ClInclude>
    <ClInclude Include="..\..\include\core\visual\vvisual.h">
      <Filter>lib</Filter>
    </ClInclude>
    <ClInclude Include="..\..\include\core\widget\vmessage.h">
      <Filter>lib</Filter>
    </ClInclude>
    <ClInclude Include="..\..\include\core\widget\vprivatewidget.h">
      <Filter>lib</Filter>
    </ClInclude>
    <ClInclude Include="..\..\include\core\widget\vwidget.h">
      <Filter>lib</Filter>
    </ClInclude>
    <ClInclude Include="..\..\include\debug\vdebug.h">
      <Filter>lib</Filter>
    </ClInclude>
    <ClInclude Include="..\..\include\kits\seal.info.h">
      <Filter>lib</Filter>
    </ClInclude>
    <ClInclude Include="..\..\include\kits\seal.lexical.h">
      <Filter>lib</Filter>
    </ClInclude>
    <ClInclude Include="..\..\include\kits\seal.lexical.token.h">
      <Filter>lib</Filter>
    </ClInclude>
    <ClInclude Include="..\..\include\kits\vallocator.h">
      <Filter>lib</Filter>
    </ClInclude>
    <ClInclude Include="..\..\include\kits\vcolorhelper.h">
      <Filter>lib</Filter>
    </ClInclude>
    <ClInclude Include="..\..\include\kits\vparserhelper.h">
      <Filter>lib</Filter>
    </ClInclude>
    <ClInclude Include="..\..\include\vml\vml.h">
      <Filter>lib</Filter>
    </ClInclude>
    <ClInclude Include="..\..\include\vml\vmlbuilder.h">
      <Filter>lib</Filter>
    </ClInclude>
    <ClInclude Include="..\..\include\vml\vmlparser.h">
      <Filter>lib</Filter>
    </ClInclude>
    <ClInclude Include="..\..\include\vml\vmlvariable.h">
      <Filter>lib</Filter>
    </ClInclude>
    <ClInclude Include="..\..\include\vml\vmlwidget.h">
      <Filter>lib</Filter>
    </ClInclude>
    <ClInclude Include="..\..\include\vss\vssbuilder.h">
      <Filter>lib</Filter>
    </ClInclude>
    <ClInclude Include="..\..\include\vss\vssparser.h">
      <Filter>lib</Filter>
    </ClInclude>
    <ClInclude Include="..\..\include\win32base\vwin32base.h">
      <Filter>lib</Filter>
    </ClInclude>
    <ClInclude Include="..\..\src\core\signal\vbasiccore.h">
      <Filter>lib</Filter>
    </ClInclude>
  </ItemGroup>
</Project>