
Microsoft Visual Studio Solution File, Format Version 12.00
# Visual Studio Version 17
VisualStudioVersion = 17.3.32922.545
MinimumVisualStudioVersion = 10.0.40219.1
Project("{8BC9CEB8-8B4A-11D0-8D11-00A0C91BC942}") = "multi-window-setting-demo", "multi-window-setting-demo.vcxproj", "{7D790B1A-F13D-40AF-AE50-9DD4C7232195}"
EndProject
Global
	GlobalSection(SolutionConfigurationPlatforms) = preSolution
		Debug|x64 = Debug|x64
		Debug|x86 = Debug|x86
		Release|x64 = Release|x64
		Release|x86 = Release|x86
	EndGlobalSection
	GlobalSection(ProjectConfigurationPlatforms) = postSolution
		{7D790B1A-F13D-40AF-AE50-9DD4C7232195}.Debug|x64.ActiveCfg = Debug|x64
		{7D790B1A-F13D-40AF-AE50-9DD4C7232195}.Debug|x64.Build.0 = Debug|x64
		{7D790B1A-F13D-40AF-AE50-9DD4C7232195}.Debug|x86.ActiveCfg = Debug|Win32
		{7D790B1A-F13D-40AF-AE50-9DD4C7232195}.Debug|x86.Build.0 = Debug|Win32
		{7D790B1A-F13D-40AF-AE50-9DD4C7232195}.Release|x64.ActiveCfg = Release|x64
		{7D790B1A-F13D-40AF-AE50-9DD4C7232195}.Release|x64.Build.0 = Release|x64
		{7D790B1A-F13D-40AF-AE50-9DD4C7232195}.Release|x86.ActiveCfg = Release|Win32
		{7D790B1A-F13D-40AF-AE50-9DD4C7232195}.Release|x86.Build.0 = Release|Win32
	EndGlobalSection
	GlobalSection(SolutionProperties) = preSolution
		HideSolutionNode = FALSE
	EndGlobalSection
	GlobalSection(ExtensibilityGlobals) = postSolution
		SolutionGuid = {4E3DF2AC-A5AB-4BC8-B4AF-3CD7BFFE170B}
	EndGlobalSection
EndGlobal
