
Microsoft Visual Studio Solution File, Format Version 12.00
# Visual Studio Version 17
VisualStudioVersion = 17.4.33205.214
MinimumVisualStudioVersion = 10.0.40219.1
Project("{8BC9CEB8-8B4A-11D0-8D11-00A0C91BC942}") = "windows12-like-ui", "windows12-like-ui\windows12-like-ui.vcxproj", "{9F213736-D6A8-4FFF-97BE-5806A96B0109}"
EndProject
Global
	GlobalSection(SolutionConfigurationPlatforms) = preSolution
		Debug|x64 = Debug|x64
		Debug|x86 = Debug|x86
		Release|x64 = Release|x64
		Release|x86 = Release|x86
	EndGlobalSection
	GlobalSection(ProjectConfigurationPlatforms) = postSolution
		{9F213736-D6A8-4FFF-97BE-5806A96B0109}.Debug|x64.ActiveCfg = Debug|x64
		{9F213736-D6A8-4FFF-97BE-5806A96B0109}.Debug|x64.Build.0 = Debug|x64
		{9F213736-D6A8-4FFF-97BE-5806A96B0109}.Debug|x86.ActiveCfg = Debug|Win32
		{9F213736-D6A8-4FFF-97BE-5806A96B0109}.Debug|x86.Build.0 = Debug|Win32
		{9F213736-D6A8-4FFF-97BE-5806A96B0109}.Release|x64.ActiveCfg = Release|x64
		{9F213736-D6A8-4FFF-97BE-5806A96B0109}.Release|x64.Build.0 = Release|x64
		{9F213736-D6A8-4FFF-97BE-5806A96B0109}.Release|x86.ActiveCfg = Release|Win32
		{9F213736-D6A8-4FFF-97BE-5806A96B0109}.Release|x86.Build.0 = Release|Win32
	EndGlobalSection
	GlobalSection(SolutionProperties) = preSolution
		HideSolutionNode = FALSE
	EndGlobalSection
	GlobalSection(ExtensibilityGlobals) = postSolution
		SolutionGuid = {1BBEA4DA-2AD4-488D-918D-75B9C43FE2D5}
	EndGlobalSection
EndGlobal
